
Microsoft Visual Studio Solution File, Format Version 12.00
# Visual Studio 15
VisualStudioVersion = 15.0.28307.421
MinimumVisualStudioVersion = 10.0.40219.1
Project("{FAE04EC0-301F-11D3-BF4B-00C04F79EFBC}") = "ProductCatalogue", "ProductCatalogue\ProductCatalogue.csproj", "{31AC37DC-9053-4C0F-94E3-0312BAC97DAE}"
EndProject
Global
	GlobalSection(SolutionConfigurationPlatforms) = preSolution
		Debug|Any CPU = Debug|Any CPU
		Release|Any CPU = Release|Any CPU
	EndGlobalSection
	GlobalSection(ProjectConfigurationPlatforms) = postSolution
		{31AC37DC-9053-4C0F-94E3-0312BAC97DAE}.Debug|Any CPU.ActiveCfg = Debug|Any CPU
		{31AC37DC-9053-4C0F-94E3-0312BAC97DAE}.Debug|Any CPU.Build.0 = Debug|Any CPU
		{31AC37DC-9053-4C0F-94E3-0312BAC97DAE}.Release|Any CPU.ActiveCfg = Release|Any CPU
		{31AC37DC-9053-4C0F-94E3-0312BAC97DAE}.Release|Any CPU.Build.0 = Release|Any CPU
	EndGlobalSection
	GlobalSection(SolutionProperties) = preSolution
		HideSolutionNode = FALSE
	EndGlobalSection
	GlobalSection(ExtensibilityGlobals) = postSolution
		SolutionGuid = {4E90E182-F81A-4F91-9F7D-8771577A00AB}
	EndGlobalSection
EndGlobal
